
Microsoft Visual Studio Solution File, Format Version 12.00
# Visual Studio Version 16
VisualStudioVersion = 16.0.30717.126
MinimumVisualStudioVersion = 10.0.40219.1
Project("{FAE04EC0-301F-11D3-BF4B-00C04F79EFBC}") = "eRestoran.WebAPI", "eRestoran.WebAPI\eRestoran.WebAPI.csproj", "{2E6C49D4-A59F-4DA1-9CDB-EA0851F790FF}"
EndProject
Project("{FAE04EC0-301F-11D3-BF4B-00C04F79EFBC}") = "eRestoran.Model", "eRestoran.Model\eRestoran.Model.csproj", "{D7DC67EA-2B5E-45D4-BAE5-961FB4FAC346}"
EndProject
Global
	GlobalSection(SolutionConfigurationPlatforms) = preSolution
		Debug|Any CPU = Debug|Any CPU
		Release|Any CPU = Release|Any CPU
	EndGlobalSection
	GlobalSection(ProjectConfigurationPlatforms) = postSolution
		{2E6C49D4-A59F-4DA1-9CDB-EA0851F790FF}.Debug|Any CPU.ActiveCfg = Debug|Any CPU
		{2E6C49D4-A59F-4DA1-9CDB-EA0851F790FF}.Debug|Any CPU.Build.0 = Debug|Any CPU
		{2E6C49D4-A59F-4DA1-9CDB-EA0851F790FF}.Release|Any CPU.ActiveCfg = Release|Any CPU
		{2E6C49D4-A59F-4DA1-9CDB-EA0851F790FF}.Release|Any CPU.Build.0 = Release|Any CPU
		{D7DC67EA-2B5E-45D4-BAE5-961FB4FAC346}.Debug|Any CPU.ActiveCfg = Debug|Any CPU
		{D7DC67EA-2B5E-45D4-BAE5-961FB4FAC346}.Debug|Any CPU.Build.0 = Debug|Any CPU
		{D7DC67EA-2B5E-45D4-BAE5-961FB4FAC346}.Release|Any CPU.ActiveCfg = Release|Any CPU
		{D7DC67EA-2B5E-45D4-BAE5-961FB4FAC346}.Release|Any CPU.Build.0 = Release|Any CPU
	EndGlobalSection
	GlobalSection(SolutionProperties) = preSolution
		HideSolutionNode = FALSE
	EndGlobalSection
	GlobalSection(ExtensibilityGlobals) = postSolution
		SolutionGuid = {18430039-EC36-4B1E-B611-6A6D6196CC19}
	EndGlobalSection
EndGlobal
